
Microsoft Visual Studio Solution File, Format Version 12.00
# Visual Studio Version 16
VisualStudioVersion = 16.0.30406.217
MinimumVisualStudioVersion = 10.0.40219.1
Project("{9A19103F-16F7-4668-BE54-9A1E7A4F7556}") = "_build", "build\_build.csproj", "{F036F277-E094-4039-9400-A9247A6D2D21}"
EndProject
Project("{9A19103F-16F7-4668-BE54-9A1E7A4F7556}") = "ComposableCollections", "ComposableCollections\ComposableCollections.csproj", "{7A3EEC2A-B15D-4D92-A89E-1390FDFD0BF5}"
EndProject
Project("{9A19103F-16F7-4668-BE54-9A1E7A4F7556}") = "ComposableCollections.Tests", "ComposableCollections.Tests\ComposableCollections.Tests.csproj", "{D61660E9-22E9-4A99-811F-4AE5D55F8AE0}"
EndProject
Project("{FAE04EC0-301F-11D3-BF4B-00C04F79EFBC}") = "ComposableCollections.GraphQL", "ComposableCollections.GraphQL\ComposableCollections.GraphQL.csproj", "{CC259B4A-8C97-4EB4-AAE8-42C4E1675210}"
EndProject
Project("{FAE04EC0-301F-11D3-BF4B-00C04F79EFBC}") = "ComposableCollections.GraphQL.Tests", "ComposableCollections.GraphQL.Tests\ComposableCollections.GraphQL.Tests.csproj", "{3B05949C-6658-4599-B283-E56441EAAEA2}"
EndProject
Project("{FAE04EC0-301F-11D3-BF4B-00C04F79EFBC}") = "ComposableCollections.GraphQL.Playground", "ComposableCollections.GraphQL.Playground\ComposableCollections.GraphQL.Playground.csproj", "{9ED97F51-974E-4336-8CF1-8AE2D847B340}"
EndProject
Project("{FAE04EC0-301F-11D3-BF4B-00C04F79EFBC}") = "ComposableDataStructures.Crdt", "ComposableDataStructures.Crdt\ComposableDataStructures.Crdt.csproj", "{5C09C170-4B06-49B8-BF90-11873630B9F2}"
EndProject
Project("{FAE04EC0-301F-11D3-BF4B-00C04F79EFBC}") = "MoreCollections", "MoreCollections\MoreCollections.csproj", "{DC2A26AD-4C8A-4968-8E37-23E0D1F1CA5A}"
EndProject
Project("{FAE04EC0-301F-11D3-BF4B-00C04F79EFBC}") = "MoreCollections.Tests", "MoreCollections.Tests\MoreCollections.Tests.csproj", "{8804C8B0-4F17-4DA2-8B9E-EDA0AD76FB6E}"
EndProject
Project("{FAE04EC0-301F-11D3-BF4B-00C04F79EFBC}") = "SimpleMonads", "SimpleMonads\SimpleMonads.csproj", "{D83BCF15-64B6-4FB8-B6FB-6E8A856E19E5}"
EndProject
Project("{FAE04EC0-301F-11D3-BF4B-00C04F79EFBC}") = "SimpleMonads.CodeGeneration", "SimpleMonads.CodeGeneration\SimpleMonads.CodeGeneration.csproj", "{B90FF507-E27F-4EDB-9F44-FA5CFD2762C3}"
EndProject
Project("{FAE04EC0-301F-11D3-BF4B-00C04F79EFBC}") = "SimpleMonads.HotChocolate", "SimpleMonads.HotChocolate\SimpleMonads.HotChocolate.csproj", "{FF7AE0FC-2171-4158-A770-251BFC121F16}"
EndProject
Project("{FAE04EC0-301F-11D3-BF4B-00C04F79EFBC}") = "SimpleMonads.HotChocolate.Tests", "SimpleMonads.HotChocolate.Tests\SimpleMonads.HotChocolate.Tests.csproj", "{859ECA08-4020-45EF-91F6-CF3BE91A7F5C}"
EndProject
Project("{FAE04EC0-301F-11D3-BF4B-00C04F79EFBC}") = "SimpleMonads.Tests", "SimpleMonads.Tests\SimpleMonads.Tests.csproj", "{4173317E-B82B-4F97-B4AF-54EDEFABAC7C}"
EndProject
Project("{FAE04EC0-301F-11D3-BF4B-00C04F79EFBC}") = "GenericNumbers", "GenericNumbers\GenericNumbers.csproj", "{F41C41BF-1CF7-47DB-A4D7-3E782897B56D}"
EndProject
Project("{FAE04EC0-301F-11D3-BF4B-00C04F79EFBC}") = "UtilityDisposables", "UtilityDisposables\UtilityDisposables.csproj", "{FAB8FAA6-376F-455C-8B72-38BE9638CEE6}"
EndProject
Project("{FAE04EC0-301F-11D3-BF4B-00C04F79EFBC}") = "UtilityDisposables.Tests", "UtilityDisposables.Tests\UtilityDisposables.Tests.csproj", "{6655C23A-28B5-4098-AB0C-5CA2548DE72D}"
EndProject
Project("{FAE04EC0-301F-11D3-BF4B-00C04F79EFBC}") = "IoFluently", "IoFluently\IoFluently.csproj", "{BA5DBE1A-3204-4E73-9201-C46A7D85EEB2}"
EndProject
Project("{FAE04EC0-301F-11D3-BF4B-00C04F79EFBC}") = "IoFluently.CodeGenerator", "IoFluently.CodeGenerator\IoFluently.CodeGenerator.csproj", "{D7D033D6-C9A5-4B3C-B0CF-1DCE40AB4962}"
EndProject
Project("{FAE04EC0-301F-11D3-BF4B-00C04F79EFBC}") = "IoFluently.Documentation", "IoFluently.Documentation\IoFluently.Documentation.csproj", "{44D0C992-52E6-42F8-94CD-0185371DBF35}"
EndProject
Project("{FAE04EC0-301F-11D3-BF4B-00C04F79EFBC}") = "IoFluently.SystemTextJson", "IoFluently.SystemTextJson\IoFluently.SystemTextJson.csproj", "{6B723773-08D9-451C-9C54-673CD67F3CC5}"
EndProject
Project("{FAE04EC0-301F-11D3-BF4B-00C04F79EFBC}") = "IoFluently.Tests", "IoFluently.Tests\IoFluently.Tests.csproj", "{586D29B3-20F5-4CEC-BD06-DF58E4556D62}"
EndProject
Project("{FAE04EC0-301F-11D3-BF4B-00C04F79EFBC}") = "TreeLinq", "TreeLinq\TreeLinq.csproj", "{5D92A65C-99CB-492F-AF45-92D766884D6D}"
EndProject
Project("{FAE04EC0-301F-11D3-BF4B-00C04F79EFBC}") = "TreeLinq.Tests", "TreeLinq.Tests\TreeLinq.Tests.csproj", "{0B38EF82-E9D8-435B-8B8F-C835DD4D66A4}"
EndProject
Global
	GlobalSection(SolutionConfigurationPlatforms) = preSolution
		Debug|Any CPU = Debug|Any CPU
		Release|Any CPU = Release|Any CPU
	EndGlobalSection
	GlobalSection(ProjectConfigurationPlatforms) = postSolution
		{F036F277-E094-4039-9400-A9247A6D2D21}.Debug|Any CPU.ActiveCfg = Debug|Any CPU
		{F036F277-E094-4039-9400-A9247A6D2D21}.Release|Any CPU.ActiveCfg = Release|Any CPU
		{7A3EEC2A-B15D-4D92-A89E-1390FDFD0BF5}.Debug|Any CPU.ActiveCfg = Debug|Any CPU
		{7A3EEC2A-B15D-4D92-A89E-1390FDFD0BF5}.Debug|Any CPU.Build.0 = Debug|Any CPU
		{7A3EEC2A-B15D-4D92-A89E-1390FDFD0BF5}.Release|Any CPU.ActiveCfg = Release|Any CPU
		{7A3EEC2A-B15D-4D92-A89E-1390FDFD0BF5}.Release|Any CPU.Build.0 = Release|Any CPU
		{D61660E9-22E9-4A99-811F-4AE5D55F8AE0}.Debug|Any CPU.ActiveCfg = Debug|Any CPU
		{D61660E9-22E9-4A99-811F-4AE5D55F8AE0}.Debug|Any CPU.Build.0 = Debug|Any CPU
		{D61660E9-22E9-4A99-811F-4AE5D55F8AE0}.Release|Any CPU.ActiveCfg = Release|Any CPU
		{D61660E9-22E9-4A99-811F-4AE5D55F8AE0}.Release|Any CPU.Build.0 = Release|Any CPU
		{CC259B4A-8C97-4EB4-AAE8-42C4E1675210}.Debug|Any CPU.ActiveCfg = Debug|Any CPU
		{CC259B4A-8C97-4EB4-AAE8-42C4E1675210}.Debug|Any CPU.Build.0 = Debug|Any CPU
		{CC259B4A-8C97-4EB4-AAE8-42C4E1675210}.Release|Any CPU.ActiveCfg = Release|Any CPU
		{CC259B4A-8C97-4EB4-AAE8-42C4E1675210}.Release|Any CPU.Build.0 = Release|Any CPU
		{3B05949C-6658-4599-B283-E56441EAAEA2}.Debug|Any CPU.ActiveCfg = Debug|Any CPU
		{3B05949C-6658-4599-B283-E56441EAAEA2}.Debug|Any CPU.Build.0 = Debug|Any CPU
		{3B05949C-6658-4599-B283-E56441EAAEA2}.Release|Any CPU.ActiveCfg = Release|Any CPU
		{3B05949C-6658-4599-B283-E56441EAAEA2}.Release|Any CPU.Build.0 = Release|Any CPU
		{9ED97F51-974E-4336-8CF1-8AE2D847B340}.Debug|Any CPU.ActiveCfg = Debug|Any CPU
		{9ED97F51-974E-4336-8CF1-8AE2D847B340}.Debug|Any CPU.Build.0 = Debug|Any CPU
		{9ED97F51-974E-4336-8CF1-8AE2D847B340}.Release|Any CPU.ActiveCfg = Release|Any CPU
		{9ED97F51-974E-4336-8CF1-8AE2D847B340}.Release|Any CPU.Build.0 = Release|Any CPU
		{5C09C170-4B06-49B8-BF90-11873630B9F2}.Debug|Any CPU.ActiveCfg = Debug|Any CPU
		{5C09C170-4B06-49B8-BF90-11873630B9F2}.Debug|Any CPU.Build.0 = Debug|Any CPU
		{5C09C170-4B06-49B8-BF90-11873630B9F2}.Release|Any CPU.ActiveCfg = Release|Any CPU
		{5C09C170-4B06-49B8-BF90-11873630B9F2}.Release|Any CPU.Build.0 = Release|Any CPU
		{DC2A26AD-4C8A-4968-8E37-23E0D1F1CA5A}.Debug|Any CPU.ActiveCfg = Debug|Any CPU
		{DC2A26AD-4C8A-4968-8E37-23E0D1F1CA5A}.Debug|Any CPU.Build.0 = Debug|Any CPU
		{DC2A26AD-4C8A-4968-8E37-23E0D1F1CA5A}.Release|Any CPU.ActiveCfg = Release|Any CPU
		{DC2A26AD-4C8A-4968-8E37-23E0D1F1CA5A}.Release|Any CPU.Build.0 = Release|Any CPU
		{8804C8B0-4F17-4DA2-8B9E-EDA0AD76FB6E}.Debug|Any CPU.ActiveCfg = Debug|Any CPU
		{8804C8B0-4F17-4DA2-8B9E-EDA0AD76FB6E}.Debug|Any CPU.Build.0 = Debug|Any CPU
		{8804C8B0-4F17-4DA2-8B9E-EDA0AD76FB6E}.Release|Any CPU.ActiveCfg = Release|Any CPU
		{8804C8B0-4F17-4DA2-8B9E-EDA0AD76FB6E}.Release|Any CPU.Build.0 = Release|Any CPU
		{D83BCF15-64B6-4FB8-B6FB-6E8A856E19E5}.Debug|Any CPU.ActiveCfg = Debug|Any CPU
		{D83BCF15-64B6-4FB8-B6FB-6E8A856E19E5}.Debug|Any CPU.Build.0 = Debug|Any CPU
		{D83BCF15-64B6-4FB8-B6FB-6E8A856E19E5}.Release|Any CPU.ActiveCfg = Release|Any CPU
		{D83BCF15-64B6-4FB8-B6FB-6E8A856E19E5}.Release|Any CPU.Build.0 = Release|Any CPU
		{B90FF507-E27F-4EDB-9F44-FA5CFD2762C3}.Debug|Any CPU.ActiveCfg = Debug|Any CPU
		{B90FF507-E27F-4EDB-9F44-FA5CFD2762C3}.Debug|Any CPU.Build.0 = Debug|Any CPU
		{B90FF507-E27F-4EDB-9F44-FA5CFD2762C3}.Release|Any CPU.ActiveCfg = Release|Any CPU
		{B90FF507-E27F-4EDB-9F44-FA5CFD2762C3}.Release|Any CPU.Build.0 = Release|Any CPU
		{FF7AE0FC-2171-4158-A770-251BFC121F16}.Debug|Any CPU.ActiveCfg = Debug|Any CPU
		{FF7AE0FC-2171-4158-A770-251BFC121F16}.Debug|Any CPU.Build.0 = Debug|Any CPU
		{FF7AE0FC-2171-4158-A770-251BFC121F16}.Release|Any CPU.ActiveCfg = Release|Any CPU
		{FF7AE0FC-2171-4158-A770-251BFC121F16}.Release|Any CPU.Build.0 = Release|Any CPU
		{859ECA08-4020-45EF-91F6-CF3BE91A7F5C}.Debug|Any CPU.ActiveCfg = Debug|Any CPU
		{859ECA08-4020-45EF-91F6-CF3BE91A7F5C}.Debug|Any CPU.Build.0 = Debug|Any CPU
		{859ECA08-4020-45EF-91F6-CF3BE91A7F5C}.Release|Any CPU.ActiveCfg = Release|Any CPU
		{859ECA08-4020-45EF-91F6-CF3BE91A7F5C}.Release|Any CPU.Build.0 = Release|Any CPU
		{4173317E-B82B-4F97-B4AF-54EDEFABAC7C}.Debug|Any CPU.ActiveCfg = Debug|Any CPU
		{4173317E-B82B-4F97-B4AF-54EDEFABAC7C}.Debug|Any CPU.Build.0 = Debug|Any CPU
		{4173317E-B82B-4F97-B4AF-54EDEFABAC7C}.Release|Any CPU.ActiveCfg = Release|Any CPU
		{4173317E-B82B-4F97-B4AF-54EDEFABAC7C}.Release|Any CPU.Build.0 = Release|Any CPU
		{F41C41BF-1CF7-47DB-A4D7-3E782897B56D}.Debug|Any CPU.ActiveCfg = Debug|Any CPU
		{F41C41BF-1CF7-47DB-A4D7-3E782897B56D}.Debug|Any CPU.Build.0 = Debug|Any CPU
		{F41C41BF-1CF7-47DB-A4D7-3E782897B56D}.Release|Any CPU.ActiveCfg = Release|Any CPU
		{F41C41BF-1CF7-47DB-A4D7-3E782897B56D}.Release|Any CPU.Build.0 = Release|Any CPU
		{FAB8FAA6-376F-455C-8B72-38BE9638CEE6}.Debug|Any CPU.ActiveCfg = Debug|Any CPU
		{FAB8FAA6-376F-455C-8B72-38BE9638CEE6}.Debug|Any CPU.Build.0 = Debug|Any CPU
		{FAB8FAA6-376F-455C-8B72-38BE9638CEE6}.Release|Any CPU.ActiveCfg = Release|Any CPU
		{FAB8FAA6-376F-455C-8B72-38BE9638CEE6}.Release|Any CPU.Build.0 = Release|Any CPU
		{6655C23A-28B5-4098-AB0C-5CA2548DE72D}.Debug|Any CPU.ActiveCfg = Debug|Any CPU
		{6655C23A-28B5-4098-AB0C-5CA2548DE72D}.Debug|Any CPU.Build.0 = Debug|Any CPU
		{6655C23A-28B5-4098-AB0C-5CA2548DE72D}.Release|Any CPU.ActiveCfg = Release|Any CPU
		{6655C23A-28B5-4098-AB0C-5CA2548DE72D}.Release|Any CPU.Build.0 = Release|Any CPU
		{BA5DBE1A-3204-4E73-9201-C46A7D85EEB2}.Debug|Any CPU.ActiveCfg = Debug|Any CPU
		{BA5DBE1A-3204-4E73-9201-C46A7D85EEB2}.Debug|Any CPU.Build.0 = Debug|Any CPU
		{BA5DBE1A-3204-4E73-9201-C46A7D85EEB2}.Release|Any CPU.ActiveCfg = Release|Any CPU
		{BA5DBE1A-3204-4E73-9201-C46A7D85EEB2}.Release|Any CPU.Build.0 = Release|Any CPU
		{D7D033D6-C9A5-4B3C-B0CF-1DCE40AB4962}.Debug|Any CPU.ActiveCfg = Debug|Any CPU
		{D7D033D6-C9A5-4B3C-B0CF-1DCE40AB4962}.Debug|Any CPU.Build.0 = Debug|Any CPU
		{D7D033D6-C9A5-4B3C-B0CF-1DCE40AB4962}.Release|Any CPU.ActiveCfg = Release|Any CPU
		{D7D033D6-C9A5-4B3C-B0CF-1DCE40AB4962}.Release|Any CPU.Build.0 = Release|Any CPU
		{44D0C992-52E6-42F8-94CD-0185371DBF35}.Debug|Any CPU.ActiveCfg = Debug|Any CPU
		{44D0C992-52E6-42F8-94CD-0185371DBF35}.Debug|Any CPU.Build.0 = Debug|Any CPU
		{44D0C992-52E6-42F8-94CD-0185371DBF35}.Release|Any CPU.ActiveCfg = Release|Any CPU
		{44D0C992-52E6-42F8-94CD-0185371DBF35}.Release|Any CPU.Build.0 = Release|Any CPU
		{6B723773-08D9-451C-9C54-673CD67F3CC5}.Debug|Any CPU.ActiveCfg = Debug|Any CPU
		{6B723773-08D9-451C-9C54-673CD67F3CC5}.Debug|Any CPU.Build.0 = Debug|Any CPU
		{6B723773-08D9-451C-9C54-673CD67F3CC5}.Release|Any CPU.ActiveCfg = Release|Any CPU
		{6B723773-08D9-451C-9C54-673CD67F3CC5}.Release|Any CPU.Build.0 = Release|Any CPU
		{586D29B3-20F5-4CEC-BD06-DF58E4556D62}.Debug|Any CPU.ActiveCfg = Debug|Any CPU
		{586D29B3-20F5-4CEC-BD06-DF58E4556D62}.Debug|Any CPU.Build.0 = Debug|Any CPU
		{586D29B3-20F5-4CEC-BD06-DF58E4556D62}.Release|Any CPU.ActiveCfg = Release|Any CPU
		{586D29B3-20F5-4CEC-BD06-DF58E4556D62}.Release|Any CPU.Build.0 = Release|Any CPU
		{5D92A65C-99CB-492F-AF45-92D766884D6D}.Debug|Any CPU.ActiveCfg = Debug|Any CPU
		{5D92A65C-99CB-492F-AF45-92D766884D6D}.Debug|Any CPU.Build.0 = Debug|Any CPU
		{5D92A65C-99CB-492F-AF45-92D766884D6D}.Release|Any CPU.ActiveCfg = Release|Any CPU
		{5D92A65C-99CB-492F-AF45-92D766884D6D}.Release|Any CPU.Build.0 = Release|Any CPU
		{0B38EF82-E9D8-435B-8B8F-C835DD4D66A4}.Debug|Any CPU.ActiveCfg = Debug|Any CPU
		{0B38EF82-E9D8-435B-8B8F-C835DD4D66A4}.Debug|Any CPU.Build.0 = Debug|Any CPU
		{0B38EF82-E9D8-435B-8B8F-C835DD4D66A4}.Release|Any CPU.ActiveCfg = Release|Any CPU
		{0B38EF82-E9D8-435B-8B8F-C835DD4D66A4}.Release|Any CPU.Build.0 = Release|Any CPU
	EndGlobalSection
	GlobalSection(SolutionProperties) = preSolution
		HideSolutionNode = FALSE
	EndGlobalSection
	GlobalSection(ExtensibilityGlobals) = postSolution
		SolutionGuid = {3872187C-E6A0-434F-9C40-F35BCDB0D412}
	EndGlobalSection
EndGlobal
