
Microsoft Visual Studio Solution File, Format Version 12.00
# Visual Studio Version 16
VisualStudioVersion = 16.0.30406.217
MinimumVisualStudioVersion = 10.0.40219.1
Project("{9A19103F-16F7-4668-BE54-9A1E7A4F7556}") = "_build", "..\build\_build.csproj", "{F036F277-E094-4039-9400-A9247A6D2D21}"
EndProject
Project("{9A19103F-16F7-4668-BE54-9A1E7A4F7556}") = "ComposableCollections", "ComposableCollections\ComposableCollections.csproj", "{7A3EEC2A-B15D-4D92-A89E-1390FDFD0BF5}"
EndProject
Project("{9A19103F-16F7-4668-BE54-9A1E7A4F7556}") = "ComposableCollections.Tests", "ComposableCollections.Tests\ComposableCollections.Tests.csproj", "{D61660E9-22E9-4A99-811F-4AE5D55F8AE0}"
EndProject
Project("{FAE04EC0-301F-11D3-BF4B-00C04F79EFBC}") = "ComposableCollections.GraphQL", "ComposableCollections.GraphQL\ComposableCollections.GraphQL.csproj", "{CC259B4A-8C97-4EB4-AAE8-42C4E1675210}"
EndProject
Project("{FAE04EC0-301F-11D3-BF4B-00C04F79EFBC}") = "ComposableCollections.GraphQL.Tests", "ComposableCollections.GraphQL.Tests\ComposableCollections.GraphQL.Tests.csproj", "{3B05949C-6658-4599-B283-E56441EAAEA2}"
EndProject
Project("{FAE04EC0-301F-11D3-BF4B-00C04F79EFBC}") = "ComposableCollections.GraphQL.Playground", "ComposableCollections.GraphQL.Playground\ComposableCollections.GraphQL.Playground.csproj", "{9ED97F51-974E-4336-8CF1-8AE2D847B340}"
EndProject
Project("{FAE04EC0-301F-11D3-BF4B-00C04F79EFBC}") = "ComposableDataStructures.Crdt", "ComposableDataStructures.Crdt\ComposableDataStructures.Crdt.csproj", "{5C09C170-4B06-49B8-BF90-11873630B9F2}"
EndProject
Global
	GlobalSection(SolutionConfigurationPlatforms) = preSolution
		Debug|Any CPU = Debug|Any CPU
		Release|Any CPU = Release|Any CPU
	EndGlobalSection
	GlobalSection(ProjectConfigurationPlatforms) = postSolution
		{F036F277-E094-4039-9400-A9247A6D2D21}.Debug|Any CPU.ActiveCfg = Debug|Any CPU
		{F036F277-E094-4039-9400-A9247A6D2D21}.Release|Any CPU.ActiveCfg = Release|Any CPU
		{7A3EEC2A-B15D-4D92-A89E-1390FDFD0BF5}.Debug|Any CPU.ActiveCfg = Debug|Any CPU
		{7A3EEC2A-B15D-4D92-A89E-1390FDFD0BF5}.Debug|Any CPU.Build.0 = Debug|Any CPU
		{7A3EEC2A-B15D-4D92-A89E-1390FDFD0BF5}.Release|Any CPU.ActiveCfg = Release|Any CPU
		{7A3EEC2A-B15D-4D92-A89E-1390FDFD0BF5}.Release|Any CPU.Build.0 = Release|Any CPU
		{D61660E9-22E9-4A99-811F-4AE5D55F8AE0}.Debug|Any CPU.ActiveCfg = Debug|Any CPU
		{D61660E9-22E9-4A99-811F-4AE5D55F8AE0}.Debug|Any CPU.Build.0 = Debug|Any CPU
		{D61660E9-22E9-4A99-811F-4AE5D55F8AE0}.Release|Any CPU.ActiveCfg = Release|Any CPU
		{D61660E9-22E9-4A99-811F-4AE5D55F8AE0}.Release|Any CPU.Build.0 = Release|Any CPU
		{CC259B4A-8C97-4EB4-AAE8-42C4E1675210}.Debug|Any CPU.ActiveCfg = Debug|Any CPU
		{CC259B4A-8C97-4EB4-AAE8-42C4E1675210}.Debug|Any CPU.Build.0 = Debug|Any CPU
		{CC259B4A-8C97-4EB4-AAE8-42C4E1675210}.Release|Any CPU.ActiveCfg = Release|Any CPU
		{CC259B4A-8C97-4EB4-AAE8-42C4E1675210}.Release|Any CPU.Build.0 = Release|Any CPU
		{3B05949C-6658-4599-B283-E56441EAAEA2}.Debug|Any CPU.ActiveCfg = Debug|Any CPU
		{3B05949C-6658-4599-B283-E56441EAAEA2}.Debug|Any CPU.Build.0 = Debug|Any CPU
		{3B05949C-6658-4599-B283-E56441EAAEA2}.Release|Any CPU.ActiveCfg = Release|Any CPU
		{3B05949C-6658-4599-B283-E56441EAAEA2}.Release|Any CPU.Build.0 = Release|Any CPU
		{9ED97F51-974E-4336-8CF1-8AE2D847B340}.Debug|Any CPU.ActiveCfg = Debug|Any CPU
		{9ED97F51-974E-4336-8CF1-8AE2D847B340}.Debug|Any CPU.Build.0 = Debug|Any CPU
		{9ED97F51-974E-4336-8CF1-8AE2D847B340}.Release|Any CPU.ActiveCfg = Release|Any CPU
		{9ED97F51-974E-4336-8CF1-8AE2D847B340}.Release|Any CPU.Build.0 = Release|Any CPU
		{5C09C170-4B06-49B8-BF90-11873630B9F2}.Debug|Any CPU.ActiveCfg = Debug|Any CPU
		{5C09C170-4B06-49B8-BF90-11873630B9F2}.Debug|Any CPU.Build.0 = Debug|Any CPU
		{5C09C170-4B06-49B8-BF90-11873630B9F2}.Release|Any CPU.ActiveCfg = Release|Any CPU
		{5C09C170-4B06-49B8-BF90-11873630B9F2}.Release|Any CPU.Build.0 = Release|Any CPU
	EndGlobalSection
	GlobalSection(SolutionProperties) = preSolution
		HideSolutionNode = FALSE
	EndGlobalSection
	GlobalSection(ExtensibilityGlobals) = postSolution
		SolutionGuid = {3872187C-E6A0-434F-9C40-F35BCDB0D412}
	EndGlobalSection
EndGlobal
