
Microsoft Visual Studio Solution File, Format Version 12.00
# Visual Studio Version 16
VisualStudioVersion = 16.0.30621.155
MinimumVisualStudioVersion = 10.0.40219.1
Project("{9A19103F-16F7-4668-BE54-9A1E7A4F7556}") = "FluentSourceGenerators", "FluentSourceGenerators\FluentSourceGenerators.csproj", "{EA5C07ED-E843-4ECC-831B-484DF864D978}"
EndProject
Project("{9A19103F-16F7-4668-BE54-9A1E7A4F7556}") = "FluentSourceGenerators.Build", "FluentSourceGenerators.Build\FluentSourceGenerators.Build.csproj", "{5A6F6BF4-17E9-4283-9BFC-D8791D207B4F}"
EndProject
Global
	GlobalSection(SolutionConfigurationPlatforms) = preSolution
		Debug|Any CPU = Debug|Any CPU
		Release|Any CPU = Release|Any CPU
	EndGlobalSection
	GlobalSection(ProjectConfigurationPlatforms) = postSolution
		{5A6F6BF4-17E9-4283-9BFC-D8791D207B4F}.Debug|Any CPU.ActiveCfg = Debug|Any CPU
		{5A6F6BF4-17E9-4283-9BFC-D8791D207B4F}.Release|Any CPU.ActiveCfg = Release|Any CPU
		{EA5C07ED-E843-4ECC-831B-484DF864D978}.Debug|Any CPU.ActiveCfg = Debug|Any CPU
		{EA5C07ED-E843-4ECC-831B-484DF864D978}.Debug|Any CPU.Build.0 = Debug|Any CPU
		{EA5C07ED-E843-4ECC-831B-484DF864D978}.Release|Any CPU.ActiveCfg = Release|Any CPU
		{EA5C07ED-E843-4ECC-831B-484DF864D978}.Release|Any CPU.Build.0 = Release|Any CPU
	EndGlobalSection
	GlobalSection(SolutionProperties) = preSolution
		HideSolutionNode = FALSE
	EndGlobalSection
	GlobalSection(ExtensibilityGlobals) = postSolution
		SolutionGuid = {9715B896-56A9-471B-BE7B-B72F47B84E7B}
	EndGlobalSection
EndGlobal
