
Microsoft Visual Studio Solution File, Format Version 12.00
Project("{FAE04EC0-301F-11D3-BF4B-00C04F79EFBC}") = "IoFluently", "IoFluently\IoFluently.csproj", "{18F98FB5-3B5D-4004-AA5B-96DAC4C2AEE2}"
EndProject
Project("{FAE04EC0-301F-11D3-BF4B-00C04F79EFBC}") = "IoFluently.Tests", "IoFluently.Tests\IoFluently.Tests.csproj", "{A53C66AA-775F-4361-BB36-2FC241040342}"
EndProject
Project("{FAE04EC0-301F-11D3-BF4B-00C04F79EFBC}") = "IoFluently.Documentation", "IoFluently.Documentation\IoFluently.Documentation.csproj", "{54FBB345-DC93-4B91-A4F0-0FC092D23CEE}"
EndProject
Project("{9A19103F-16F7-4668-BE54-9A1E7A4F7556}") = "_build", "..\build\_build.csproj", "{84EA3669-FD2E-4C68-B21C-9A088890410E}"
EndProject
Project("{FAE04EC0-301F-11D3-BF4B-00C04F79EFBC}") = "IoFluently.Examples.RemoveDuplicates", "IoFluently.Examples.RemoveDuplicates\IoFluently.Examples.RemoveDuplicates.csproj", "{847A9FF1-026E-4C48-B064-75CE97259656}"
EndProject
Global
	GlobalSection(SolutionConfigurationPlatforms) = preSolution
		Debug|Any CPU = Debug|Any CPU
		Release|Any CPU = Release|Any CPU
	EndGlobalSection
	GlobalSection(ProjectConfigurationPlatforms) = postSolution
		{84EA3669-FD2E-4C68-B21C-9A088890410E}.Debug|Any CPU.ActiveCfg = Debug|Any CPU
		{84EA3669-FD2E-4C68-B21C-9A088890410E}.Release|Any CPU.ActiveCfg = Release|Any CPU
		{18F98FB5-3B5D-4004-AA5B-96DAC4C2AEE2}.Debug|Any CPU.ActiveCfg = Debug|Any CPU
		{18F98FB5-3B5D-4004-AA5B-96DAC4C2AEE2}.Debug|Any CPU.Build.0 = Debug|Any CPU
		{18F98FB5-3B5D-4004-AA5B-96DAC4C2AEE2}.Release|Any CPU.ActiveCfg = Release|Any CPU
		{18F98FB5-3B5D-4004-AA5B-96DAC4C2AEE2}.Release|Any CPU.Build.0 = Release|Any CPU
		{A53C66AA-775F-4361-BB36-2FC241040342}.Debug|Any CPU.ActiveCfg = Debug|Any CPU
		{A53C66AA-775F-4361-BB36-2FC241040342}.Debug|Any CPU.Build.0 = Debug|Any CPU
		{A53C66AA-775F-4361-BB36-2FC241040342}.Release|Any CPU.ActiveCfg = Release|Any CPU
		{A53C66AA-775F-4361-BB36-2FC241040342}.Release|Any CPU.Build.0 = Release|Any CPU
		{54FBB345-DC93-4B91-A4F0-0FC092D23CEE}.Debug|Any CPU.ActiveCfg = Debug|Any CPU
		{54FBB345-DC93-4B91-A4F0-0FC092D23CEE}.Debug|Any CPU.Build.0 = Debug|Any CPU
		{54FBB345-DC93-4B91-A4F0-0FC092D23CEE}.Release|Any CPU.ActiveCfg = Release|Any CPU
		{54FBB345-DC93-4B91-A4F0-0FC092D23CEE}.Release|Any CPU.Build.0 = Release|Any CPU
		{847A9FF1-026E-4C48-B064-75CE97259656}.Debug|Any CPU.ActiveCfg = Debug|Any CPU
		{847A9FF1-026E-4C48-B064-75CE97259656}.Debug|Any CPU.Build.0 = Debug|Any CPU
		{847A9FF1-026E-4C48-B064-75CE97259656}.Release|Any CPU.ActiveCfg = Release|Any CPU
		{847A9FF1-026E-4C48-B064-75CE97259656}.Release|Any CPU.Build.0 = Release|Any CPU
	EndGlobalSection
EndGlobal
